// !$*UTF8*$!
{
	archiveVersion = 1;
	classes = {
	};
	objectVersion = 48;
	objects = {

/* Begin PBXBuildFile section */
		3E0DFA27206ADF9E00953BEF /* ZDCChat.framework in Frameworks */ = {isa = PBXBuildFile; fileRef = 3E0DFA23206ADF9C00953BEF /* ZDCChat.framework */; };
		3E0DFA28206ADF9E00953BEF /* ZDCChat.bundle in Resources */ = {isa = PBXBuildFile; fileRef = 3E0DFA24206ADF9C00953BEF /* ZDCChat.bundle */; };
		3E0DFA29206ADF9E00953BEF /* ZDCChatAPI.framework in Frameworks */ = {isa = PBXBuildFile; fileRef = 3E0DFA25206ADF9D00953BEF /* ZDCChatAPI.framework */; };
		3E0DFA2A206ADF9E00953BEF /* ZDCChatStrings.bundle in Resources */ = {isa = PBXBuildFile; fileRef = 3E0DFA26206ADF9E00953BEF /* ZDCChatStrings.bundle */; };
		3EAF97872061573100718A3C /* AppDelegate.swift in Sources */ = {isa = PBXBuildFile; fileRef = 3EAF97862061573100718A3C /* AppDelegate.swift */; };
		3EAF97892061573100718A3C /* FirstViewController.swift in Sources */ = {isa = PBXBuildFile; fileRef = 3EAF97882061573100718A3C /* FirstViewController.swift */; };
		3EAF978B2061573100718A3C /* SecondViewController.swift in Sources */ = {isa = PBXBuildFile; fileRef = 3EAF978A2061573100718A3C /* SecondViewController.swift */; };
		3EAF978E2061573100718A3C /* Main.storyboard in Resources */ = {isa = PBXBuildFile; fileRef = 3EAF978C2061573100718A3C /* Main.storyboard */; };
		3EAF97902061573100718A3C /* Assets.xcassets in Resources */ = {isa = PBXBuildFile; fileRef = 3EAF978F2061573100718A3C /* Assets.xcassets */; };
		3EAF97932061573100718A3C /* LaunchScreen.storyboard in Resources */ = {isa = PBXBuildFile; fileRef = 3EAF97912061573100718A3C /* LaunchScreen.storyboard */; };
		3EAF979E2061573200718A3C /* appsolutionTests.swift in Sources */ = {isa = PBXBuildFile; fileRef = 3EAF979D2061573200718A3C /* appsolutionTests.swift */; };
		3EAF97A92061573200718A3C /* appsolutionUITests.swift in Sources */ = {isa = PBXBuildFile; fileRef = 3EAF97A82061573200718A3C /* appsolutionUITests.swift */; };
		3EAF97B72061940600718A3C /* GoogleService-Info.plist in Resources */ = {isa = PBXBuildFile; fileRef = 3EAF97B62061940600718A3C /* GoogleService-Info.plist */; };
		3EAF97B920619BA300718A3C /* ThirdViewController.swift in Sources */ = {isa = PBXBuildFile; fileRef = 3EAF97B820619BA300718A3C /* ThirdViewController.swift */; };
		3EAF97BB20619BC900718A3C /* FourthViewController.swift in Sources */ = {isa = PBXBuildFile; fileRef = 3EAF97BA20619BC900718A3C /* FourthViewController.swift */; };
		3EF9FE942067B50D00812EB5 /* InitialViewController.swift in Sources */ = {isa = PBXBuildFile; fileRef = 3EF9FE932067B50D00812EB5 /* InitialViewController.swift */; };
		7322AFEDF8A91EF87F091A76 /* Pods_appsolutionUITests.framework in Frameworks */ = {isa = PBXBuildFile; fileRef = 8C3FDED1244A750D3A2F6371 /* Pods_appsolutionUITests.framework */; };
		C7CF38F5C83ABD3CFE71C6E4 /* Pods_appsolution.framework in Frameworks */ = {isa = PBXBuildFile; fileRef = E60260D66B039A6ED4DCBE39 /* Pods_appsolution.framework */; };
		ED60F65734751ED820F98246 /* Pods_appsolutionTests.framework in Frameworks */ = {isa = PBXBuildFile; fileRef = 4B9FDA24A345A1657A26FEA1 /* Pods_appsolutionTests.framework */; };
/* End PBXBuildFile section */

/* Begin PBXContainerItemProxy section */
		3EAF979A2061573200718A3C /* PBXContainerItemProxy */ = {
			isa = PBXContainerItemProxy;
			containerPortal = 3EAF977B2061573100718A3C /* Project object */;
			proxyType = 1;
			remoteGlobalIDString = 3EAF97822061573100718A3C;
			remoteInfo = appsolution;
		};
		3EAF97A52061573200718A3C /* PBXContainerItemProxy */ = {
			isa = PBXContainerItemProxy;
			containerPortal = 3EAF977B2061573100718A3C /* Project object */;
			proxyType = 1;
			remoteGlobalIDString = 3EAF97822061573100718A3C;
			remoteInfo = appsolution;
		};
/* End PBXContainerItemProxy section */

/* Begin PBXFileReference section */
		3E0DFA23206ADF9C00953BEF /* ZDCChat.framework */ = {isa = PBXFileReference; lastKnownFileType = wrapper.framework; path = ZDCChat.framework; sourceTree = "<group>"; };
		3E0DFA24206ADF9C00953BEF /* ZDCChat.bundle */ = {isa = PBXFileReference; lastKnownFileType = "wrapper.plug-in"; path = ZDCChat.bundle; sourceTree = "<group>"; };
		3E0DFA25206ADF9D00953BEF /* ZDCChatAPI.framework */ = {isa = PBXFileReference; lastKnownFileType = wrapper.framework; path = ZDCChatAPI.framework; sourceTree = "<group>"; };
		3E0DFA26206ADF9E00953BEF /* ZDCChatStrings.bundle */ = {isa = PBXFileReference; lastKnownFileType = "wrapper.plug-in"; path = ZDCChatStrings.bundle; sourceTree = "<group>"; };
		3EAF97832061573100718A3C /* appsolution.app */ = {isa = PBXFileReference; explicitFileType = wrapper.application; includeInIndex = 0; path = appsolution.app; sourceTree = BUILT_PRODUCTS_DIR; };
		3EAF97862061573100718A3C /* AppDelegate.swift */ = {isa = PBXFileReference; lastKnownFileType = sourcecode.swift; path = AppDelegate.swift; sourceTree = "<group>"; };
		3EAF97882061573100718A3C /* FirstViewController.swift */ = {isa = PBXFileReference; lastKnownFileType = sourcecode.swift; path = FirstViewController.swift; sourceTree = "<group>"; };
		3EAF978A2061573100718A3C /* SecondViewController.swift */ = {isa = PBXFileReference; lastKnownFileType = sourcecode.swift; path = SecondViewController.swift; sourceTree = "<group>"; };
		3EAF978D2061573100718A3C /* Base */ = {isa = PBXFileReference; lastKnownFileType = file.storyboard; name = Base; path = Base.lproj/Main.storyboard; sourceTree = "<group>"; };
		3EAF978F2061573100718A3C /* Assets.xcassets */ = {isa = PBXFileReference; lastKnownFileType = folder.assetcatalog; path = Assets.xcassets; sourceTree = "<group>"; };
		3EAF97922061573100718A3C /* Base */ = {isa = PBXFileReference; lastKnownFileType = file.storyboard; name = Base; path = Base.lproj/LaunchScreen.storyboard; sourceTree = "<group>"; };
		3EAF97942061573100718A3C /* Info.plist */ = {isa = PBXFileReference; lastKnownFileType = text.plist.xml; path = Info.plist; sourceTree = "<group>"; };
		3EAF97992061573200718A3C /* appsolutionTests.xctest */ = {isa = PBXFileReference; explicitFileType = wrapper.cfbundle; includeInIndex = 0; path = appsolutionTests.xctest; sourceTree = BUILT_PRODUCTS_DIR; };
		3EAF979D2061573200718A3C /* appsolutionTests.swift */ = {isa = PBXFileReference; lastKnownFileType = sourcecode.swift; path = appsolutionTests.swift; sourceTree = "<group>"; };
		3EAF979F2061573200718A3C /* Info.plist */ = {isa = PBXFileReference; lastKnownFileType = text.plist.xml; path = Info.plist; sourceTree = "<group>"; };
		3EAF97A42061573200718A3C /* appsolutionUITests.xctest */ = {isa = PBXFileReference; explicitFileType = wrapper.cfbundle; includeInIndex = 0; path = appsolutionUITests.xctest; sourceTree = BUILT_PRODUCTS_DIR; };
		3EAF97A82061573200718A3C /* appsolutionUITests.swift */ = {isa = PBXFileReference; lastKnownFileType = sourcecode.swift; path = appsolutionUITests.swift; sourceTree = "<group>"; };
		3EAF97AA2061573200718A3C /* Info.plist */ = {isa = PBXFileReference; lastKnownFileType = text.plist.xml; path = Info.plist; sourceTree = "<group>"; };
		3EAF97B62061940600718A3C /* GoogleService-Info.plist */ = {isa = PBXFileReference; fileEncoding = 4; lastKnownFileType = text.plist.xml; path = "GoogleService-Info.plist"; sourceTree = "<group>"; };
		3EAF97B820619BA300718A3C /* ThirdViewController.swift */ = {isa = PBXFileReference; lastKnownFileType = sourcecode.swift; path = ThirdViewController.swift; sourceTree = "<group>"; };
		3EAF97BA20619BC900718A3C /* FourthViewController.swift */ = {isa = PBXFileReference; lastKnownFileType = sourcecode.swift; path = FourthViewController.swift; sourceTree = "<group>"; };
		3EF9FE932067B50D00812EB5 /* InitialViewController.swift */ = {isa = PBXFileReference; lastKnownFileType = sourcecode.swift; path = InitialViewController.swift; sourceTree = "<group>"; };
		4B9FDA24A345A1657A26FEA1 /* Pods_appsolutionTests.framework */ = {isa = PBXFileReference; explicitFileType = wrapper.framework; includeInIndex = 0; path = Pods_appsolutionTests.framework; sourceTree = BUILT_PRODUCTS_DIR; };
		8C3FDED1244A750D3A2F6371 /* Pods_appsolutionUITests.framework */ = {isa = PBXFileReference; explicitFileType = wrapper.framework; includeInIndex = 0; path = Pods_appsolutionUITests.framework; sourceTree = BUILT_PRODUCTS_DIR; };
		935920C8CDF1DA292BAD8CB0 /* Pods-appsolutionTests.debug.xcconfig */ = {isa = PBXFileReference; includeInIndex = 1; lastKnownFileType = text.xcconfig; name = "Pods-appsolutionTests.debug.xcconfig"; path = "Pods/Target Support Files/Pods-appsolutionTests/Pods-appsolutionTests.debug.xcconfig"; sourceTree = "<group>"; };
		A51D5D3FA3EEC91C6056DD7C /* Pods-appsolution.debug.xcconfig */ = {isa = PBXFileReference; includeInIndex = 1; lastKnownFileType = text.xcconfig; name = "Pods-appsolution.debug.xcconfig"; path = "Pods/Target Support Files/Pods-appsolution/Pods-appsolution.debug.xcconfig"; sourceTree = "<group>"; };
		ABDCBEE22673A905E2E8322E /* Pods-appsolutionUITests.release.xcconfig */ = {isa = PBXFileReference; includeInIndex = 1; lastKnownFileType = text.xcconfig; name = "Pods-appsolutionUITests.release.xcconfig"; path = "Pods/Target Support Files/Pods-appsolutionUITests/Pods-appsolutionUITests.release.xcconfig"; sourceTree = "<group>"; };
		C42CE3321FAEC077EB262573 /* Pods-appsolutionUITests.debug.xcconfig */ = {isa = PBXFileReference; includeInIndex = 1; lastKnownFileType = text.xcconfig; name = "Pods-appsolutionUITests.debug.xcconfig"; path = "Pods/Target Support Files/Pods-appsolutionUITests/Pods-appsolutionUITests.debug.xcconfig"; sourceTree = "<group>"; };
		E60260D66B039A6ED4DCBE39 /* Pods_appsolution.framework */ = {isa = PBXFileReference; explicitFileType = wrapper.framework; includeInIndex = 0; path = Pods_appsolution.framework; sourceTree = BUILT_PRODUCTS_DIR; };
		E6BA494BBB302EEB39125556 /* Pods-appsolution.release.xcconfig */ = {isa = PBXFileReference; includeInIndex = 1; lastKnownFileType = text.xcconfig; name = "Pods-appsolution.release.xcconfig"; path = "Pods/Target Support Files/Pods-appsolution/Pods-appsolution.release.xcconfig"; sourceTree = "<group>"; };
		EA5A1DB2CB1D82FC9A1CE26E /* Pods-appsolutionTests.release.xcconfig */ = {isa = PBXFileReference; includeInIndex = 1; lastKnownFileType = text.xcconfig; name = "Pods-appsolutionTests.release.xcconfig"; path = "Pods/Target Support Files/Pods-appsolutionTests/Pods-appsolutionTests.release.xcconfig"; sourceTree = "<group>"; };
/* End PBXFileReference section */

/* Begin PBXFrameworksBuildPhase section */
		3EAF97802061573100718A3C /* Frameworks */ = {
			isa = PBXFrameworksBuildPhase;
			buildActionMask = 2147483647;
			files = (
				3E0DFA27206ADF9E00953BEF /* ZDCChat.framework in Frameworks */,
				3E0DFA29206ADF9E00953BEF /* ZDCChatAPI.framework in Frameworks */,
				C7CF38F5C83ABD3CFE71C6E4 /* Pods_appsolution.framework in Frameworks */,
			);
			runOnlyForDeploymentPostprocessing = 0;
		};
		3EAF97962061573200718A3C /* Frameworks */ = {
			isa = PBXFrameworksBuildPhase;
			buildActionMask = 2147483647;
			files = (
				ED60F65734751ED820F98246 /* Pods_appsolutionTests.framework in Frameworks */,
			);
			runOnlyForDeploymentPostprocessing = 0;
		};
		3EAF97A12061573200718A3C /* Frameworks */ = {
			isa = PBXFrameworksBuildPhase;
			buildActionMask = 2147483647;
			files = (
				7322AFEDF8A91EF87F091A76 /* Pods_appsolutionUITests.framework in Frameworks */,
			);
			runOnlyForDeploymentPostprocessing = 0;
		};
/* End PBXFrameworksBuildPhase section */

/* Begin PBXGroup section */
		0CC48F567D6FC75582D093D0 /* Pods */ = {
			isa = PBXGroup;
			children = (
				A51D5D3FA3EEC91C6056DD7C /* Pods-appsolution.debug.xcconfig */,
				E6BA494BBB302EEB39125556 /* Pods-appsolution.release.xcconfig */,
				935920C8CDF1DA292BAD8CB0 /* Pods-appsolutionTests.debug.xcconfig */,
				EA5A1DB2CB1D82FC9A1CE26E /* Pods-appsolutionTests.release.xcconfig */,
				C42CE3321FAEC077EB262573 /* Pods-appsolutionUITests.debug.xcconfig */,
				ABDCBEE22673A905E2E8322E /* Pods-appsolutionUITests.release.xcconfig */,
			);
			name = Pods;
			sourceTree = "<group>";
		};
		3EAF977A2061573100718A3C = {
			isa = PBXGroup;
			children = (
				3E0DFA24206ADF9C00953BEF /* ZDCChat.bundle */,
				3E0DFA23206ADF9C00953BEF /* ZDCChat.framework */,
				3E0DFA25206ADF9D00953BEF /* ZDCChatAPI.framework */,
				3E0DFA26206ADF9E00953BEF /* ZDCChatStrings.bundle */,
				3EAF97852061573100718A3C /* appsolution */,
				3EAF979C2061573200718A3C /* appsolutionTests */,
				3EAF97A72061573200718A3C /* appsolutionUITests */,
				3EAF97842061573100718A3C /* Products */,
				0CC48F567D6FC75582D093D0 /* Pods */,
				9187D1C69FF1CA0CDEEC771A /* Frameworks */,
			);
			sourceTree = "<group>";
		};
		3EAF97842061573100718A3C /* Products */ = {
			isa = PBXGroup;
			children = (
				3EAF97832061573100718A3C /* appsolution.app */,
				3EAF97992061573200718A3C /* appsolutionTests.xctest */,
				3EAF97A42061573200718A3C /* appsolutionUITests.xctest */,
			);
			name = Products;
			sourceTree = "<group>";
		};
		3EAF97852061573100718A3C /* appsolution */ = {
			isa = PBXGroup;
			children = (
				3EF9FE932067B50D00812EB5 /* InitialViewController.swift */,
				3EAF97862061573100718A3C /* AppDelegate.swift */,
				3EAF97882061573100718A3C /* FirstViewController.swift */,
				3EAF978A2061573100718A3C /* SecondViewController.swift */,
				3EAF97B820619BA300718A3C /* ThirdViewController.swift */,
				3EAF97BA20619BC900718A3C /* FourthViewController.swift */,
				3EAF978C2061573100718A3C /* Main.storyboard */,
				3EAF978F2061573100718A3C /* Assets.xcassets */,
				3EAF97912061573100718A3C /* LaunchScreen.storyboard */,
				3EAF97942061573100718A3C /* Info.plist */,
				3EAF97B62061940600718A3C /* GoogleService-Info.plist */,
			);
			path = appsolution;
			sourceTree = "<group>";
		};
		3EAF979C2061573200718A3C /* appsolutionTests */ = {
			isa = PBXGroup;
			children = (
				3EAF979D2061573200718A3C /* appsolutionTests.swift */,
				3EAF979F2061573200718A3C /* Info.plist */,
			);
			path = appsolutionTests;
			sourceTree = "<group>";
		};
		3EAF97A72061573200718A3C /* appsolutionUITests */ = {
			isa = PBXGroup;
			children = (
				3EAF97A82061573200718A3C /* appsolutionUITests.swift */,
				3EAF97AA2061573200718A3C /* Info.plist */,
			);
			path = appsolutionUITests;
			sourceTree = "<group>";
		};
		9187D1C69FF1CA0CDEEC771A /* Frameworks */ = {
			isa = PBXGroup;
			children = (
				E60260D66B039A6ED4DCBE39 /* Pods_appsolution.framework */,
				4B9FDA24A345A1657A26FEA1 /* Pods_appsolutionTests.framework */,
				8C3FDED1244A750D3A2F6371 /* Pods_appsolutionUITests.framework */,
			);
			name = Frameworks;
			sourceTree = "<group>";
		};
/* End PBXGroup section */

/* Begin PBXNativeTarget section */
		3EAF97822061573100718A3C /* appsolution */ = {
			isa = PBXNativeTarget;
			buildConfigurationList = 3EAF97AD2061573200718A3C /* Build configuration list for PBXNativeTarget "appsolution" */;
			buildPhases = (
				2AD315D791A267310DDB3FA1 /* [CP] Check Pods Manifest.lock */,
				3EAF977F2061573100718A3C /* Sources */,
				3EAF97802061573100718A3C /* Frameworks */,
				3EAF97812061573100718A3C /* Resources */,
				4140612E4750A3FEEF94AA2C /* [CP] Embed Pods Frameworks */,
				DE13B0E231E21F01BAC3248D /* [CP] Copy Pods Resources */,
			);
			buildRules = (
			);
			dependencies = (
			);
			name = appsolution;
			productName = appsolution;
			productReference = 3EAF97832061573100718A3C /* appsolution.app */;
			productType = "com.apple.product-type.application";
		};
		3EAF97982061573200718A3C /* appsolutionTests */ = {
			isa = PBXNativeTarget;
			buildConfigurationList = 3EAF97B02061573200718A3C /* Build configuration list for PBXNativeTarget "appsolutionTests" */;
			buildPhases = (
				90F2CC4C44589225BC14CE47 /* [CP] Check Pods Manifest.lock */,
				3EAF97952061573200718A3C /* Sources */,
				3EAF97962061573200718A3C /* Frameworks */,
				3EAF97972061573200718A3C /* Resources */,
				80362FD0E8F33279E6B6B73F /* [CP] Embed Pods Frameworks */,
				20705D4427FCDCA73141EE03 /* [CP] Copy Pods Resources */,
			);
			buildRules = (
			);
			dependencies = (
				3EAF979B2061573200718A3C /* PBXTargetDependency */,
			);
			name = appsolutionTests;
			productName = appsolutionTests;
			productReference = 3EAF97992061573200718A3C /* appsolutionTests.xctest */;
			productType = "com.apple.product-type.bundle.unit-test";
		};
		3EAF97A32061573200718A3C /* appsolutionUITests */ = {
			isa = PBXNativeTarget;
			buildConfigurationList = 3EAF97B32061573200718A3C /* Build configuration list for PBXNativeTarget "appsolutionUITests" */;
			buildPhases = (
				AF3C317F30404A714E32EB7F /* [CP] Check Pods Manifest.lock */,
				3EAF97A02061573200718A3C /* Sources */,
				3EAF97A12061573200718A3C /* Frameworks */,
				3EAF97A22061573200718A3C /* Resources */,
				23C46B205FD15FC2012960D6 /* [CP] Embed Pods Frameworks */,
				29FFEB71693DBCA9C9C90A9F /* [CP] Copy Pods Resources */,
			);
			buildRules = (
			);
			dependencies = (
				3EAF97A62061573200718A3C /* PBXTargetDependency */,
			);
			name = appsolutionUITests;
			productName = appsolutionUITests;
			productReference = 3EAF97A42061573200718A3C /* appsolutionUITests.xctest */;
			productType = "com.apple.product-type.bundle.ui-testing";
		};
/* End PBXNativeTarget section */

/* Begin PBXProject section */
		3EAF977B2061573100718A3C /* Project object */ = {
			isa = PBXProject;
			attributes = {
				LastSwiftUpdateCheck = 0920;
				LastUpgradeCheck = 0920;
				ORGANIZATIONNAME = Appsolution;
				TargetAttributes = {
					3EAF97822061573100718A3C = {
						CreatedOnToolsVersion = 9.2;
						ProvisioningStyle = Manual;
					};
					3EAF97982061573200718A3C = {
						CreatedOnToolsVersion = 9.2;
						ProvisioningStyle = Automatic;
						TestTargetID = 3EAF97822061573100718A3C;
					};
					3EAF97A32061573200718A3C = {
						CreatedOnToolsVersion = 9.2;
						ProvisioningStyle = Automatic;
						TestTargetID = 3EAF97822061573100718A3C;
					};
				};
			};
			buildConfigurationList = 3EAF977E2061573100718A3C /* Build configuration list for PBXProject "appsolution" */;
			compatibilityVersion = "Xcode 8.0";
			developmentRegion = en;
			hasScannedForEncodings = 0;
			knownRegions = (
				en,
				Base,
			);
			mainGroup = 3EAF977A2061573100718A3C;
			productRefGroup = 3EAF97842061573100718A3C /* Products */;
			projectDirPath = "";
			projectRoot = "";
			targets = (
				3EAF97822061573100718A3C /* appsolution */,
				3EAF97982061573200718A3C /* appsolutionTests */,
				3EAF97A32061573200718A3C /* appsolutionUITests */,
			);
		};
/* End PBXProject section */

/* Begin PBXResourcesBuildPhase section */
		3EAF97812061573100718A3C /* Resources */ = {
			isa = PBXResourcesBuildPhase;
			buildActionMask = 2147483647;
			files = (
				3E0DFA2A206ADF9E00953BEF /* ZDCChatStrings.bundle in Resources */,
				3EAF97932061573100718A3C /* LaunchScreen.storyboard in Resources */,
				3EAF97902061573100718A3C /* Assets.xcassets in Resources */,
				3EAF978E2061573100718A3C /* Main.storyboard in Resources */,
				3EAF97B72061940600718A3C /* GoogleService-Info.plist in Resources */,
				3E0DFA28206ADF9E00953BEF /* ZDCChat.bundle in Resources */,
			);
			runOnlyForDeploymentPostprocessing = 0;
		};
		3EAF97972061573200718A3C /* Resources */ = {
			isa = PBXResourcesBuildPhase;
			buildActionMask = 2147483647;
			files = (
			);
			runOnlyForDeploymentPostprocessing = 0;
		};
		3EAF97A22061573200718A3C /* Resources */ = {
			isa = PBXResourcesBuildPhase;
			buildActionMask = 2147483647;
			files = (
			);
			runOnlyForDeploymentPostprocessing = 0;
		};
/* End PBXResourcesBuildPhase section */

/* Begin PBXShellScriptBuildPhase section */
		20705D4427FCDCA73141EE03 /* [CP] Copy Pods Resources */ = {
			isa = PBXShellScriptBuildPhase;
			buildActionMask = 2147483647;
			files = (
			);
			inputPaths = (
			);
			name = "[CP] Copy Pods Resources";
			outputPaths = (
			);
			runOnlyForDeploymentPostprocessing = 0;
			shellPath = /bin/sh;
			shellScript = "\"${SRCROOT}/Pods/Target Support Files/Pods-appsolutionTests/Pods-appsolutionTests-resources.sh\"\n";
			showEnvVarsInLog = 0;
		};
		23C46B205FD15FC2012960D6 /* [CP] Embed Pods Frameworks */ = {
			isa = PBXShellScriptBuildPhase;
			buildActionMask = 2147483647;
			files = (
			);
			inputPaths = (
			);
			name = "[CP] Embed Pods Frameworks";
			outputPaths = (
			);
			runOnlyForDeploymentPostprocessing = 0;
			shellPath = /bin/sh;
			shellScript = "\"${SRCROOT}/Pods/Target Support Files/Pods-appsolutionUITests/Pods-appsolutionUITests-frameworks.sh\"\n";
			showEnvVarsInLog = 0;
		};
		29FFEB71693DBCA9C9C90A9F /* [CP] Copy Pods Resources */ = {
			isa = PBXShellScriptBuildPhase;
			buildActionMask = 2147483647;
			files = (
			);
			inputPaths = (
			);
			name = "[CP] Copy Pods Resources";
			outputPaths = (
			);
			runOnlyForDeploymentPostprocessing = 0;
			shellPath = /bin/sh;
			shellScript = "\"${SRCROOT}/Pods/Target Support Files/Pods-appsolutionUITests/Pods-appsolutionUITests-resources.sh\"\n";
			showEnvVarsInLog = 0;
		};
		2AD315D791A267310DDB3FA1 /* [CP] Check Pods Manifest.lock */ = {
			isa = PBXShellScriptBuildPhase;
			buildActionMask = 2147483647;
			files = (
			);
			inputPaths = (
				"${PODS_PODFILE_DIR_PATH}/Podfile.lock",
				"${PODS_ROOT}/Manifest.lock",
			);
			name = "[CP] Check Pods Manifest.lock";
			outputPaths = (
				"$(DERIVED_FILE_DIR)/Pods-appsolution-checkManifestLockResult.txt",
			);
			runOnlyForDeploymentPostprocessing = 0;
			shellPath = /bin/sh;
			shellScript = "diff \"${PODS_PODFILE_DIR_PATH}/Podfile.lock\" \"${PODS_ROOT}/Manifest.lock\" > /dev/null\nif [ $? != 0 ] ; then\n    # print error to STDERR\n    echo \"error: The sandbox is not in sync with the Podfile.lock. Run 'pod install' or update your CocoaPods installation.\" >&2\n    exit 1\nfi\n# This output is used by Xcode 'outputs' to avoid re-running this script phase.\necho \"SUCCESS\" > \"${SCRIPT_OUTPUT_FILE_0}\"\n";
			showEnvVarsInLog = 0;
		};
		4140612E4750A3FEEF94AA2C /* [CP] Embed Pods Frameworks */ = {
			isa = PBXShellScriptBuildPhase;
			buildActionMask = 2147483647;
			files = (
			);
			inputPaths = (
				"${SRCROOT}/Pods/Target Support Files/Pods-appsolution/Pods-appsolution-frameworks.sh",
				"${BUILT_PRODUCTS_DIR}/GTMSessionFetcher/GTMSessionFetcher.framework",
				"${BUILT_PRODUCTS_DIR}/GoogleToolboxForMac/GoogleToolboxForMac.framework",
				"${BUILT_PRODUCTS_DIR}/nanopb/nanopb.framework",
			);
			name = "[CP] Embed Pods Frameworks";
			outputPaths = (
				"${TARGET_BUILD_DIR}/${FRAMEWORKS_FOLDER_PATH}/GTMSessionFetcher.framework",
				"${TARGET_BUILD_DIR}/${FRAMEWORKS_FOLDER_PATH}/GoogleToolboxForMac.framework",
				"${TARGET_BUILD_DIR}/${FRAMEWORKS_FOLDER_PATH}/nanopb.framework",
			);
			runOnlyForDeploymentPostprocessing = 0;
			shellPath = /bin/sh;
			shellScript = "\"${SRCROOT}/Pods/Target Support Files/Pods-appsolution/Pods-appsolution-frameworks.sh\"\n";
			showEnvVarsInLog = 0;
		};
		80362FD0E8F33279E6B6B73F /* [CP] Embed Pods Frameworks */ = {
			isa = PBXShellScriptBuildPhase;
			buildActionMask = 2147483647;
			files = (
			);
			inputPaths = (
			);
			name = "[CP] Embed Pods Frameworks";
			outputPaths = (
			);
			runOnlyForDeploymentPostprocessing = 0;
			shellPath = /bin/sh;
			shellScript = "\"${SRCROOT}/Pods/Target Support Files/Pods-appsolutionTests/Pods-appsolutionTests-frameworks.sh\"\n";
			showEnvVarsInLog = 0;
		};
		90F2CC4C44589225BC14CE47 /* [CP] Check Pods Manifest.lock */ = {
			isa = PBXShellScriptBuildPhase;
			buildActionMask = 2147483647;
			files = (
			);
			inputPaths = (
				"${PODS_PODFILE_DIR_PATH}/Podfile.lock",
				"${PODS_ROOT}/Manifest.lock",
			);
			name = "[CP] Check Pods Manifest.lock";
			outputPaths = (
				"$(DERIVED_FILE_DIR)/Pods-appsolutionTests-checkManifestLockResult.txt",
			);
			runOnlyForDeploymentPostprocessing = 0;
			shellPath = /bin/sh;
			shellScript = "diff \"${PODS_PODFILE_DIR_PATH}/Podfile.lock\" \"${PODS_ROOT}/Manifest.lock\" > /dev/null\nif [ $? != 0 ] ; then\n    # print error to STDERR\n    echo \"error: The sandbox is not in sync with the Podfile.lock. Run 'pod install' or update your CocoaPods installation.\" >&2\n    exit 1\nfi\n# This output is used by Xcode 'outputs' to avoid re-running this script phase.\necho \"SUCCESS\" > \"${SCRIPT_OUTPUT_FILE_0}\"\n";
			showEnvVarsInLog = 0;
		};
		AF3C317F30404A714E32EB7F /* [CP] Check Pods Manifest.lock */ = {
			isa = PBXShellScriptBuildPhase;
			buildActionMask = 2147483647;
			files = (
			);
			inputPaths = (
				"${PODS_PODFILE_DIR_PATH}/Podfile.lock",
				"${PODS_ROOT}/Manifest.lock",
			);
			name = "[CP] Check Pods Manifest.lock";
			outputPaths = (
				"$(DERIVED_FILE_DIR)/Pods-appsolutionUITests-checkManifestLockResult.txt",
			);
			runOnlyForDeploymentPostprocessing = 0;
			shellPath = /bin/sh;
			shellScript = "diff \"${PODS_PODFILE_DIR_PATH}/Podfile.lock\" \"${PODS_ROOT}/Manifest.lock\" > /dev/null\nif [ $? != 0 ] ; then\n    # print error to STDERR\n    echo \"error: The sandbox is not in sync with the Podfile.lock. Run 'pod install' or update your CocoaPods installation.\" >&2\n    exit 1\nfi\n# This output is used by Xcode 'outputs' to avoid re-running this script phase.\necho \"SUCCESS\" > \"${SCRIPT_OUTPUT_FILE_0}\"\n";
			showEnvVarsInLog = 0;
		};
		DE13B0E231E21F01BAC3248D /* [CP] Copy Pods Resources */ = {
			isa = PBXShellScriptBuildPhase;
			buildActionMask = 2147483647;
			files = (
			);
			inputPaths = (
				"${SRCROOT}/Pods/Target Support Files/Pods-appsolution/Pods-appsolution-resources.sh",
				"${PODS_ROOT}/ZDCChat/ZDCChatStrings.bundle",
				"${PODS_ROOT}/ZDCChat/ZDCChat.bundle",
			);
			name = "[CP] Copy Pods Resources";
			outputPaths = (
				"${TARGET_BUILD_DIR}/${UNLOCALIZED_RESOURCES_FOLDER_PATH}/ZDCChatStrings.bundle",
				"${TARGET_BUILD_DIR}/${UNLOCALIZED_RESOURCES_FOLDER_PATH}/ZDCChat.bundle",
			);
			runOnlyForDeploymentPostprocessing = 0;
			shellPath = /bin/sh;
			shellScript = "\"${SRCROOT}/Pods/Target Support Files/Pods-appsolution/Pods-appsolution-resources.sh\"\n";
			showEnvVarsInLog = 0;
		};
/* End PBXShellScriptBuildPhase section */

/* Begin PBXSourcesBuildPhase section */
		3EAF977F2061573100718A3C /* Sources */ = {
			isa = PBXSourcesBuildPhase;
			buildActionMask = 2147483647;
			files = (
				3EAF978B2061573100718A3C /* SecondViewController.swift in Sources */,
				3EAF97872061573100718A3C /* AppDelegate.swift in Sources */,
				3EAF97B920619BA300718A3C /* ThirdViewController.swift in Sources */,
				3EF9FE942067B50D00812EB5 /* InitialViewController.swift in Sources */,
				3EAF97892061573100718A3C /* FirstViewController.swift in Sources */,
				3EAF97BB20619BC900718A3C /* FourthViewController.swift in Sources */,
			);
			runOnlyForDeploymentPostprocessing = 0;
		};
		3EAF97952061573200718A3C /* Sources */ = {
			isa = PBXSourcesBuildPhase;
			buildActionMask = 2147483647;
			files = (
				3EAF979E2061573200718A3C /* appsolutionTests.swift in Sources */,
			);
			runOnlyForDeploymentPostprocessing = 0;
		};
		3EAF97A02061573200718A3C /* Sources */ = {
			isa = PBXSourcesBuildPhase;
			buildActionMask = 2147483647;
			files = (
				3EAF97A92061573200718A3C /* appsolutionUITests.swift in Sources */,
			);
			runOnlyForDeploymentPostprocessing = 0;
		};
/* End PBXSourcesBuildPhase section */

/* Begin PBXTargetDependency section */
		3EAF979B2061573200718A3C /* PBXTargetDependency */ = {
			isa = PBXTargetDependency;
			target = 3EAF97822061573100718A3C /* appsolution */;
			targetProxy = 3EAF979A2061573200718A3C /* PBXContainerItemProxy */;
		};
		3EAF97A62061573200718A3C /* PBXTargetDependency */ = {
			isa = PBXTargetDependency;
			target = 3EAF97822061573100718A3C /* appsolution */;
			targetProxy = 3EAF97A52061573200718A3C /* PBXContainerItemProxy */;
		};
/* End PBXTargetDependency section */

/* Begin PBXVariantGroup section */
		3EAF978C2061573100718A3C /* Main.storyboard */ = {
			isa = PBXVariantGroup;
			children = (
				3EAF978D2061573100718A3C /* Base */,
			);
			name = Main.storyboard;
			sourceTree = "<group>";
		};
		3EAF97912061573100718A3C /* LaunchScreen.storyboard */ = {
			isa = PBXVariantGroup;
			children = (
				3EAF97922061573100718A3C /* Base */,
			);
			name = LaunchScreen.storyboard;
			sourceTree = "<group>";
		};
/* End PBXVariantGroup section */

/* Begin XCBuildConfiguration section */
		3EAF97AB2061573200718A3C /* Debug */ = {
			isa = XCBuildConfiguration;
			buildSettings = {
				ALWAYS_SEARCH_USER_PATHS = NO;
				CLANG_ANALYZER_NONNULL = YES;
				CLANG_ANALYZER_NUMBER_OBJECT_CONVERSION = YES_AGGRESSIVE;
				CLANG_CXX_LANGUAGE_STANDARD = "gnu++14";
				CLANG_CXX_LIBRARY = "libc++";
				CLANG_ENABLE_MODULES = YES;
				CLANG_ENABLE_OBJC_ARC = YES;
				CLANG_WARN_BLOCK_CAPTURE_AUTORELEASING = YES;
				CLANG_WARN_BOOL_CONVERSION = YES;
				CLANG_WARN_COMMA = YES;
				CLANG_WARN_CONSTANT_CONVERSION = YES;
				CLANG_WARN_DIRECT_OBJC_ISA_USAGE = YES_ERROR;
				CLANG_WARN_DOCUMENTATION_COMMENTS = YES;
				CLANG_WARN_EMPTY_BODY = YES;
				CLANG_WARN_ENUM_CONVERSION = YES;
				CLANG_WARN_INFINITE_RECURSION = YES;
				CLANG_WARN_INT_CONVERSION = YES;
				CLANG_WARN_NON_LITERAL_NULL_CONVERSION = YES;
				CLANG_WARN_OBJC_LITERAL_CONVERSION = YES;
				CLANG_WARN_OBJC_ROOT_CLASS = YES_ERROR;
				CLANG_WARN_RANGE_LOOP_ANALYSIS = YES;
				CLANG_WARN_STRICT_PROTOTYPES = YES;
				CLANG_WARN_SUSPICIOUS_MOVE = YES;
				CLANG_WARN_UNGUARDED_AVAILABILITY = YES_AGGRESSIVE;
				CLANG_WARN_UNREACHABLE_CODE = YES;
				CLANG_WARN__DUPLICATE_METHOD_MATCH = YES;
				CODE_SIGN_IDENTITY = "iPhone Developer";
				COPY_PHASE_STRIP = NO;
				DEBUG_INFORMATION_FORMAT = dwarf;
				ENABLE_STRICT_OBJC_MSGSEND = YES;
				ENABLE_TESTABILITY = YES;
				GCC_C_LANGUAGE_STANDARD = gnu11;
				GCC_DYNAMIC_NO_PIC = NO;
				GCC_NO_COMMON_BLOCKS = YES;
				GCC_OPTIMIZATION_LEVEL = 0;
				GCC_PREPROCESSOR_DEFINITIONS = (
					"DEBUG=1",
					"$(inherited)",
				);
				GCC_WARN_64_TO_32_BIT_CONVERSION = YES;
				GCC_WARN_ABOUT_RETURN_TYPE = YES_ERROR;
				GCC_WARN_UNDECLARED_SELECTOR = YES;
				GCC_WARN_UNINITIALIZED_AUTOS = YES_AGGRESSIVE;
				GCC_WARN_UNUSED_FUNCTION = YES;
				GCC_WARN_UNUSED_VARIABLE = YES;
				IPHONEOS_DEPLOYMENT_TARGET = 11.2;
				MTL_ENABLE_DEBUG_INFO = YES;
				ONLY_ACTIVE_ARCH = YES;
				SDKROOT = iphoneos;
				SWIFT_ACTIVE_COMPILATION_CONDITIONS = DEBUG;
				SWIFT_OPTIMIZATION_LEVEL = "-Onone";
			};
			name = Debug;
		};
		3EAF97AC2061573200718A3C /* Release */ = {
			isa = XCBuildConfiguration;
			buildSettings = {
				ALWAYS_SEARCH_USER_PATHS = NO;
				CLANG_ANALYZER_NONNULL = YES;
				CLANG_ANALYZER_NUMBER_OBJECT_CONVERSION = YES_AGGRESSIVE;
				CLANG_CXX_LANGUAGE_STANDARD = "gnu++14";
				CLANG_CXX_LIBRARY = "libc++";
				CLANG_ENABLE_MODULES = YES;
				CLANG_ENABLE_OBJC_ARC = YES;
				CLANG_WARN_BLOCK_CAPTURE_AUTORELEASING = YES;
				CLANG_WARN_BOOL_CONVERSION = YES;
				CLANG_WARN_COMMA = YES;
				CLANG_WARN_CONSTANT_CONVERSION = YES;
				CLANG_WARN_DIRECT_OBJC_ISA_USAGE = YES_ERROR;
				CLANG_WARN_DOCUMENTATION_COMMENTS = YES;
				CLANG_WARN_EMPTY_BODY = YES;
				CLANG_WARN_ENUM_CONVERSION = YES;
				CLANG_WARN_INFINITE_RECURSION = YES;
				CLANG_WARN_INT_CONVERSION = YES;
				CLANG_WARN_NON_LITERAL_NULL_CONVERSION = YES;
				CLANG_WARN_OBJC_LITERAL_CONVERSION = YES;
				CLANG_WARN_OBJC_ROOT_CLASS = YES_ERROR;
				CLANG_WARN_RANGE_LOOP_ANALYSIS = YES;
				CLANG_WARN_STRICT_PROTOTYPES = YES;
				CLANG_WARN_SUSPICIOUS_MOVE = YES;
				CLANG_WARN_UNGUARDED_AVAILABILITY = YES_AGGRESSIVE;
				CLANG_WARN_UNREACHABLE_CODE = YES;
				CLANG_WARN__DUPLICATE_METHOD_MATCH = YES;
				CODE_SIGN_IDENTITY = "iPhone Developer";
				COPY_PHASE_STRIP = NO;
				DEBUG_INFORMATION_FORMAT = "dwarf-with-dsym";
				ENABLE_NS_ASSERTIONS = NO;
				ENABLE_STRICT_OBJC_MSGSEND = YES;
				ENABLE_TESTABILITY = YES;
				GCC_C_LANGUAGE_STANDARD = gnu11;
				GCC_NO_COMMON_BLOCKS = YES;
				GCC_WARN_64_TO_32_BIT_CONVERSION = YES;
				GCC_WARN_ABOUT_RETURN_TYPE = YES_ERROR;
				GCC_WARN_UNDECLARED_SELECTOR = YES;
				GCC_WARN_UNINITIALIZED_AUTOS = YES_AGGRESSIVE;
				GCC_WARN_UNUSED_FUNCTION = YES;
				GCC_WARN_UNUSED_VARIABLE = YES;
				IPHONEOS_DEPLOYMENT_TARGET = 11.2;
				MTL_ENABLE_DEBUG_INFO = NO;
				SDKROOT = iphoneos;
				SWIFT_OPTIMIZATION_LEVEL = "-Owholemodule";
				VALIDATE_PRODUCT = YES;
			};
			name = Release;
		};
		3EAF97AE2061573200718A3C /* Debug */ = {
			isa = XCBuildConfiguration;
			baseConfigurationReference = A51D5D3FA3EEC91C6056DD7C /* Pods-appsolution.debug.xcconfig */;
			buildSettings = {
				ASSETCATALOG_COMPILER_APPICON_NAME = AppIcon;
				CODE_SIGN_IDENTITY = "iPhone Developer: appsolutionn@gmail.com (65HP6U6PCS)";
				"CODE_SIGN_IDENTITY[sdk=iphoneos*]" = "iPhone Distribution";
				CODE_SIGN_STYLE = Manual;
				DEVELOPMENT_TEAM = WT96M2HD38;
				FRAMEWORK_SEARCH_PATHS = (
					"$(inherited)",
					"$(PROJECT_DIR)",
				);
				INFOPLIST_FILE = appsolution/Info.plist;
				LD_RUNPATH_SEARCH_PATHS = "$(inherited) @executable_path/Frameworks";
				PRODUCT_BUNDLE_IDENTIFIER = com.appsolution.appsolution;
				PRODUCT_NAME = "$(TARGET_NAME)";
				PROVISIONING_PROFILE = "e06faea1-3e12-4817-bc2d-88a47ae9b449";
				PROVISIONING_PROFILE_SPECIFIER = appsolution27031;
				SWIFT_VERSION = 4.0;
				TARGETED_DEVICE_FAMILY = "1,2";
			};
			name = Debug;
		};
		3EAF97AF2061573200718A3C /* Release */ = {
			isa = XCBuildConfiguration;
			baseConfigurationReference = E6BA494BBB302EEB39125556 /* Pods-appsolution.release.xcconfig */;
			buildSettings = {
				ASSETCATALOG_COMPILER_APPICON_NAME = AppIcon;
				CODE_SIGN_IDENTITY = "iPhone Developer: appsolutionn@gmail.com (65HP6U6PCS)";
				"CODE_SIGN_IDENTITY[sdk=iphoneos*]" = "iPhone Distribution";
				CODE_SIGN_STYLE = Manual;
				DEVELOPMENT_TEAM = WT96M2HD38;
				FRAMEWORK_SEARCH_PATHS = (
					"$(inherited)",
					"$(PROJECT_DIR)",
				);
				INFOPLIST_FILE = appsolution/Info.plist;
				LD_RUNPATH_SEARCH_PATHS = "$(inherited) @executable_path/Frameworks";
				PRODUCT_BUNDLE_IDENTIFIER = com.appsolution.appsolution;
				PRODUCT_NAME = "$(TARGET_NAME)";
				PROVISIONING_PROFILE = "e06faea1-3e12-4817-bc2d-88a47ae9b449";
				PROVISIONING_PROFILE_SPECIFIER = appsolution27031;
				SWIFT_VERSION = 4.0;
				TARGETED_DEVICE_FAMILY = "1,2";
			};
			name = Release;
		};
		3EAF97B12061573200718A3C /* Debug */ = {
			isa = XCBuildConfiguration;
			baseConfigurationReference = 935920C8CDF1DA292BAD8CB0 /* Pods-appsolutionTests.debug.xcconfig */;
			buildSettings = {
				ALWAYS_EMBED_SWIFT_STANDARD_LIBRARIES = YES;
				BUNDLE_LOADER = "$(TEST_HOST)";
				CODE_SIGN_IDENTITY = "iPhone Distribution";
				"CODE_SIGN_IDENTITY[sdk=iphoneos*]" = "iPhone Developer";
				CODE_SIGN_STYLE = Automatic;
				DEVELOPMENT_TEAM = WT96M2HD38;
				INFOPLIST_FILE = appsolutionTests/Info.plist;
				LD_RUNPATH_SEARCH_PATHS = "$(inherited) @executable_path/Frameworks @loader_path/Frameworks";
				PRODUCT_BUNDLE_IDENTIFIER = com.appsolution.appsolution.appsolutionTests;
				PRODUCT_NAME = "$(TARGET_NAME)";
				PROVISIONING_PROFILE_SPECIFIER = "";
				SWIFT_VERSION = 4.0;
				TARGETED_DEVICE_FAMILY = "1,2";
				TEST_HOST = "$(BUILT_PRODUCTS_DIR)/appsolution.app/appsolution";
			};
			name = Debug;
		};
		3EAF97B22061573200718A3C /* Release */ = {
			isa = XCBuildConfiguration;
			baseConfigurationReference = EA5A1DB2CB1D82FC9A1CE26E /* Pods-appsolutionTests.release.xcconfig */;
			buildSettings = {
				ALWAYS_EMBED_SWIFT_STANDARD_LIBRARIES = YES;
				BUNDLE_LOADER = "$(TEST_HOST)";
				CODE_SIGN_IDENTITY = "iPhone Distribution";
				"CODE_SIGN_IDENTITY[sdk=iphoneos*]" = "iPhone Developer";
				CODE_SIGN_STYLE = Automatic;
				DEVELOPMENT_TEAM = WT96M2HD38;
				INFOPLIST_FILE = appsolutionTests/Info.plist;
				LD_RUNPATH_SEARCH_PATHS = "$(inherited) @executable_path/Frameworks @loader_path/Frameworks";
				PRODUCT_BUNDLE_IDENTIFIER = com.appsolution.appsolution.appsolutionTests;
				PRODUCT_NAME = "$(TARGET_NAME)";
				PROVISIONING_PROFILE_SPECIFIER = "";
				SWIFT_VERSION = 4.0;
				TARGETED_DEVICE_FAMILY = "1,2";
				TEST_HOST = "$(BUILT_PRODUCTS_DIR)/appsolution.app/appsolution";
			};
			name = Release;
		};
		3EAF97B42061573200718A3C /* Debug */ = {
			isa = XCBuildConfiguration;
			baseConfigurationReference = C42CE3321FAEC077EB262573 /* Pods-appsolutionUITests.debug.xcconfig */;
			buildSettings = {
				ALWAYS_EMBED_SWIFT_STANDARD_LIBRARIES = YES;
				CODE_SIGN_IDENTITY = "iPhone Distribution";
				"CODE_SIGN_IDENTITY[sdk=iphoneos*]" = "iPhone Developer";
				CODE_SIGN_STYLE = Automatic;
				DEVELOPMENT_TEAM = WT96M2HD38;
				INFOPLIST_FILE = appsolutionUITests/Info.plist;
				LD_RUNPATH_SEARCH_PATHS = "$(inherited) @executable_path/Frameworks @loader_path/Frameworks";
				PRODUCT_BUNDLE_IDENTIFIER = com.appsolution.appsolution.appsolutionUITests;
				PRODUCT_NAME = "$(TARGET_NAME)";
				PROVISIONING_PROFILE_SPECIFIER = "";
				SWIFT_VERSION = 4.0;
				TARGETED_DEVICE_FAMILY = "1,2";
				TEST_TARGET_NAME = appsolution;
			};
			name = Debug;
		};
		3EAF97B52061573200718A3C /* Release */ = {
			isa = XCBuildConfiguration;
			baseConfigurationReference = ABDCBEE22673A905E2E8322E /* Pods-appsolutionUITests.release.xcconfig */;
			buildSettings = {
				ALWAYS_EMBED_SWIFT_STANDARD_LIBRARIES = YES;
				CODE_SIGN_IDENTITY = "iPhone Distribution";
				"CODE_SIGN_IDENTITY[sdk=iphoneos*]" = "iPhone Developer";
				CODE_SIGN_STYLE = Automatic;
				DEVELOPMENT_TEAM = WT96M2HD38;
				INFOPLIST_FILE = appsolutionUITests/Info.plist;
				LD_RUNPATH_SEARCH_PATHS = "$(inherited) @executable_path/Frameworks @loader_path/Frameworks";
				PRODUCT_BUNDLE_IDENTIFIER = com.appsolution.appsolution.appsolutionUITests;
				PRODUCT_NAME = "$(TARGET_NAME)";
				PROVISIONING_PROFILE_SPECIFIER = "";
				SWIFT_VERSION = 4.0;
				TARGETED_DEVICE_FAMILY = "1,2";
				TEST_TARGET_NAME = appsolution;
			};
			name = Release;
		};
/* End XCBuildConfiguration section */

/* Begin XCConfigurationList section */
		3EAF977E2061573100718A3C /* Build configuration list for PBXProject "appsolution" */ = {
			isa = XCConfigurationList;
			buildConfigurations = (
				3EAF97AB2061573200718A3C /* Debug */,
				3EAF97AC2061573200718A3C /* Release */,
			);
			defaultConfigurationIsVisible = 0;
			defaultConfigurationName = Release;
		};
		3EAF97AD2061573200718A3C /* Build configuration list for PBXNativeTarget "appsolution" */ = {
			isa = XCConfigurationList;
			buildConfigurations = (
				3EAF97AE2061573200718A3C /* Debug */,
				3EAF97AF2061573200718A3C /* Release */,
			);
			defaultConfigurationIsVisible = 0;
			defaultConfigurationName = Release;
		};
		3EAF97B02061573200718A3C /* Build configuration list for PBXNativeTarget "appsolutionTests" */ = {
			isa = XCConfigurationList;
			buildConfigurations = (
				3EAF97B12061573200718A3C /* Debug */,
				3EAF97B22061573200718A3C /* Release */,
			);
			defaultConfigurationIsVisible = 0;
			defaultConfigurationName = Release;
		};
		3EAF97B32061573200718A3C /* Build configuration list for PBXNativeTarget "appsolutionUITests" */ = {
			isa = XCConfigurationList;
			buildConfigurations = (
				3EAF97B42061573200718A3C /* Debug */,
				3EAF97B52061573200718A3C /* Release */,
			);
			defaultConfigurationIsVisible = 0;
			defaultConfigurationName = Release;
		};
/* End XCConfigurationList section */
	};
	rootObject = 3EAF977B2061573100718A3C /* Project object */;
}
