// !$*UTF8*$!
{
	archiveVersion = 1;
	classes = {
	};
	objectVersion = 48;
	objects = {

/* Begin PBXBuildFile section */
		3EAF97872061573100718A3C /* AppDelegate.swift in Sources */ = {isa = PBXBuildFile; fileRef = 3EAF97862061573100718A3C /* AppDelegate.swift */; };
		3EAF97892061573100718A3C /* FirstViewController.swift in Sources */ = {isa = PBXBuildFile; fileRef = 3EAF97882061573100718A3C /* FirstViewController.swift */; };
		3EAF978B2061573100718A3C /* SecondViewController.swift in Sources */ = {isa = PBXBuildFile; fileRef = 3EAF978A2061573100718A3C /* SecondViewController.swift */; };
		3EAF978E2061573100718A3C /* Main.storyboard in Resources */ = {isa = PBXBuildFile; fileRef = 3EAF978C2061573100718A3C /* Main.storyboard */; };
		3EAF97902061573100718A3C /* Assets.xcassets in Resources */ = {isa = PBXBuildFile; fileRef = 3EAF978F2061573100718A3C /* Assets.xcassets */; };
		3EAF97932061573100718A3C /* LaunchScreen.storyboard in Resources */ = {isa = PBXBuildFile; fileRef = 3EAF97912061573100718A3C /* LaunchScreen.storyboard */; };
		3EAF979E2061573200718A3C /* appsolutionTests.swift in Sources */ = {isa = PBXBuildFile; fileRef = 3EAF979D2061573200718A3C /* appsolutionTests.swift */; };
		3EAF97A92061573200718A3C /* appsolutionUITests.swift in Sources */ = {isa = PBXBuildFile; fileRef = 3EAF97A82061573200718A3C /* appsolutionUITests.swift */; };
/* End PBXBuildFile section */

/* Begin PBXContainerItemProxy section */
		3EAF979A2061573200718A3C /* PBXContainerItemProxy */ = {
			isa = PBXContainerItemProxy;
			containerPortal = 3EAF977B2061573100718A3C /* Project object */;
			proxyType = 1;
			remoteGlobalIDString = 3EAF97822061573100718A3C;
			remoteInfo = appsolution;
		};
		3EAF97A52061573200718A3C /* PBXContainerItemProxy */ = {
			isa = PBXContainerItemProxy;
			containerPortal = 3EAF977B2061573100718A3C /* Project object */;
			proxyType = 1;
			remoteGlobalIDString = 3EAF97822061573100718A3C;
			remoteInfo = appsolution;
		};
/* End PBXContainerItemProxy section */

/* Begin PBXFileReference section */
		3EAF97832061573100718A3C /* appsolution.app */ = {isa = PBXFileReference; explicitFileType = wrapper.application; includeInIndex = 0; path = appsolution.app; sourceTree = BUILT_PRODUCTS_DIR; };
		3EAF97862061573100718A3C /* AppDelegate.swift */ = {isa = PBXFileReference; lastKnownFileType = sourcecode.swift; path = AppDelegate.swift; sourceTree = "<group>"; };
		3EAF97882061573100718A3C /* FirstViewController.swift */ = {isa = PBXFileReference; lastKnownFileType = sourcecode.swift; path = FirstViewController.swift; sourceTree = "<group>"; };
		3EAF978A2061573100718A3C /* SecondViewController.swift */ = {isa = PBXFileReference; lastKnownFileType = sourcecode.swift; path = SecondViewController.swift; sourceTree = "<group>"; };
		3EAF978D2061573100718A3C /* Base */ = {isa = PBXFileReference; lastKnownFileType = file.storyboard; name = Base; path = Base.lproj/Main.storyboard; sourceTree = "<group>"; };
		3EAF978F2061573100718A3C /* Assets.xcassets */ = {isa = PBXFileReference; lastKnownFileType = folder.assetcatalog; path = Assets.xcassets; sourceTree = "<group>"; };
		3EAF97922061573100718A3C /* Base */ = {isa = PBXFileReference; lastKnownFileType = file.storyboard; name = Base; path = Base.lproj/LaunchScreen.storyboard; sourceTree = "<group>"; };
		3EAF97942061573100718A3C /* Info.plist */ = {isa = PBXFileReference; lastKnownFileType = text.plist.xml; path = Info.plist; sourceTree = "<group>"; };
		3EAF97992061573200718A3C /* appsolutionTests.xctest */ = {isa = PBXFileReference; explicitFileType = wrapper.cfbundle; includeInIndex = 0; path = appsolutionTests.xctest; sourceTree = BUILT_PRODUCTS_DIR; };
		3EAF979D2061573200718A3C /* appsolutionTests.swift */ = {isa = PBXFileReference; lastKnownFileType = sourcecode.swift; path = appsolutionTests.swift; sourceTree = "<group>"; };
		3EAF979F2061573200718A3C /* Info.plist */ = {isa = PBXFileReference; lastKnownFileType = text.plist.xml; path = Info.plist; sourceTree = "<group>"; };
		3EAF97A42061573200718A3C /* appsolutionUITests.xctest */ = {isa = PBXFileReference; explicitFileType = wrapper.cfbundle; includeInIndex = 0; path = appsolutionUITests.xctest; sourceTree = BUILT_PRODUCTS_DIR; };
		3EAF97A82061573200718A3C /* appsolutionUITests.swift */ = {isa = PBXFileReference; lastKnownFileType = sourcecode.swift; path = appsolutionUITests.swift; sourceTree = "<group>"; };
		3EAF97AA2061573200718A3C /* Info.plist */ = {isa = PBXFileReference; lastKnownFileType = text.plist.xml; path = Info.plist; sourceTree = "<group>"; };
/* End PBXFileReference section */

/* Begin PBXFrameworksBuildPhase section */
		3EAF97802061573100718A3C /* Frameworks */ = {
			isa = PBXFrameworksBuildPhase;
			buildActionMask = 2147483647;
			files = (
			);
			runOnlyForDeploymentPostprocessing = 0;
		};
		3EAF97962061573200718A3C /* Frameworks */ = {
			isa = PBXFrameworksBuildPhase;
			buildActionMask = 2147483647;
			files = (
			);
			runOnlyForDeploymentPostprocessing = 0;
		};
		3EAF97A12061573200718A3C /* Frameworks */ = {
			isa = PBXFrameworksBuildPhase;
			buildActionMask = 2147483647;
			files = (
			);
			runOnlyForDeploymentPostprocessing = 0;
		};
/* End PBXFrameworksBuildPhase section */

/* Begin PBXGroup section */
		3EAF977A2061573100718A3C = {
			isa = PBXGroup;
			children = (
				3EAF97852061573100718A3C /* appsolution */,
				3EAF979C2061573200718A3C /* appsolutionTests */,
				3EAF97A72061573200718A3C /* appsolutionUITests */,
				3EAF97842061573100718A3C /* Products */,
			);
			sourceTree = "<group>";
		};
		3EAF97842061573100718A3C /* Products */ = {
			isa = PBXGroup;
			children = (
				3EAF97832061573100718A3C /* appsolution.app */,
				3EAF97992061573200718A3C /* appsolutionTests.xctest */,
				3EAF97A42061573200718A3C /* appsolutionUITests.xctest */,
			);
			name = Products;
			sourceTree = "<group>";
		};
		3EAF97852061573100718A3C /* appsolution */ = {
			isa = PBXGroup;
			children = (
				3EAF97862061573100718A3C /* AppDelegate.swift */,
				3EAF97882061573100718A3C /* FirstViewController.swift */,
				3EAF978A2061573100718A3C /* SecondViewController.swift */,
				3EAF978C2061573100718A3C /* Main.storyboard */,
				3EAF978F2061573100718A3C /* Assets.xcassets */,
				3EAF97912061573100718A3C /* LaunchScreen.storyboard */,
				3EAF97942061573100718A3C /* Info.plist */,
			);
			path = appsolution;
			sourceTree = "<group>";
		};
		3EAF979C2061573200718A3C /* appsolutionTests */ = {
			isa = PBXGroup;
			children = (
				3EAF979D2061573200718A3C /* appsolutionTests.swift */,
				3EAF979F2061573200718A3C /* Info.plist */,
			);
			path = appsolutionTests;
			sourceTree = "<group>";
		};
		3EAF97A72061573200718A3C /* appsolutionUITests */ = {
			isa = PBXGroup;
			children = (
				3EAF97A82061573200718A3C /* appsolutionUITests.swift */,
				3EAF97AA2061573200718A3C /* Info.plist */,
			);
			path = appsolutionUITests;
			sourceTree = "<group>";
		};
/* End PBXGroup section */

/* Begin PBXNativeTarget section */
		3EAF97822061573100718A3C /* appsolution */ = {
			isa = PBXNativeTarget;
			buildConfigurationList = 3EAF97AD2061573200718A3C /* Build configuration list for PBXNativeTarget "appsolution" */;
			buildPhases = (
				3EAF977F2061573100718A3C /* Sources */,
				3EAF97802061573100718A3C /* Frameworks */,
				3EAF97812061573100718A3C /* Resources */,
			);
			buildRules = (
			);
			dependencies = (
			);
			name = appsolution;
			productName = appsolution;
			productReference = 3EAF97832061573100718A3C /* appsolution.app */;
			productType = "com.apple.product-type.application";
		};
		3EAF97982061573200718A3C /* appsolutionTests */ = {
			isa = PBXNativeTarget;
			buildConfigurationList = 3EAF97B02061573200718A3C /* Build configuration list for PBXNativeTarget "appsolutionTests" */;
			buildPhases = (
				3EAF97952061573200718A3C /* Sources */,
				3EAF97962061573200718A3C /* Frameworks */,
				3EAF97972061573200718A3C /* Resources */,
			);
			buildRules = (
			);
			dependencies = (
				3EAF979B2061573200718A3C /* PBXTargetDependency */,
			);
			name = appsolutionTests;
			productName = appsolutionTests;
			productReference = 3EAF97992061573200718A3C /* appsolutionTests.xctest */;
			productType = "com.apple.product-type.bundle.unit-test";
		};
		3EAF97A32061573200718A3C /* appsolutionUITests */ = {
			isa = PBXNativeTarget;
			buildConfigurationList = 3EAF97B32061573200718A3C /* Build configuration list for PBXNativeTarget "appsolutionUITests" */;
			buildPhases = (
				3EAF97A02061573200718A3C /* Sources */,
				3EAF97A12061573200718A3C /* Frameworks */,
				3EAF97A22061573200718A3C /* Resources */,
			);
			buildRules = (
			);
			dependencies = (
				3EAF97A62061573200718A3C /* PBXTargetDependency */,
			);
			name = appsolutionUITests;
			productName = appsolutionUITests;
			productReference = 3EAF97A42061573200718A3C /* appsolutionUITests.xctest */;
			productType = "com.apple.product-type.bundle.ui-testing";
		};
/* End PBXNativeTarget section */

/* Begin PBXProject section */
		3EAF977B2061573100718A3C /* Project object */ = {
			isa = PBXProject;
			attributes = {
				LastSwiftUpdateCheck = 0920;
				LastUpgradeCheck = 0920;
				ORGANIZATIONNAME = Appsolution;
				TargetAttributes = {
					3EAF97822061573100718A3C = {
						CreatedOnToolsVersion = 9.2;
						ProvisioningStyle = Automatic;
					};
					3EAF97982061573200718A3C = {
						CreatedOnToolsVersion = 9.2;
						ProvisioningStyle = Automatic;
						TestTargetID = 3EAF97822061573100718A3C;
					};
					3EAF97A32061573200718A3C = {
						CreatedOnToolsVersion = 9.2;
						ProvisioningStyle = Automatic;
						TestTargetID = 3EAF97822061573100718A3C;
					};
				};
			};
			buildConfigurationList = 3EAF977E2061573100718A3C /* Build configuration list for PBXProject "appsolution" */;
			compatibilityVersion = "Xcode 8.0";
			developmentRegion = en;
			hasScannedForEncodings = 0;
			knownRegions = (
				en,
				Base,
			);
			mainGroup = 3EAF977A2061573100718A3C;
			productRefGroup = 3EAF97842061573100718A3C /* Products */;
			projectDirPath = "";
			projectRoot = "";
			targets = (
				3EAF97822061573100718A3C /* appsolution */,
				3EAF97982061573200718A3C /* appsolutionTests */,
				3EAF97A32061573200718A3C /* appsolutionUITests */,
			);
		};
/* End PBXProject section */

/* Begin PBXResourcesBuildPhase section */
		3EAF97812061573100718A3C /* Resources */ = {
			isa = PBXResourcesBuildPhase;
			buildActionMask = 2147483647;
			files = (
				3EAF97932061573100718A3C /* LaunchScreen.storyboard in Resources */,
				3EAF97902061573100718A3C /* Assets.xcassets in Resources */,
				3EAF978E2061573100718A3C /* Main.storyboard in Resources */,
			);
			runOnlyForDeploymentPostprocessing = 0;
		};
		3EAF97972061573200718A3C /* Resources */ = {
			isa = PBXResourcesBuildPhase;
			buildActionMask = 2147483647;
			files = (
			);
			runOnlyForDeploymentPostprocessing = 0;
		};
		3EAF97A22061573200718A3C /* Resources */ = {
			isa = PBXResourcesBuildPhase;
			buildActionMask = 2147483647;
			files = (
			);
			runOnlyForDeploymentPostprocessing = 0;
		};
/* End PBXResourcesBuildPhase section */

/* Begin PBXSourcesBuildPhase section */
		3EAF977F2061573100718A3C /* Sources */ = {
			isa = PBXSourcesBuildPhase;
			buildActionMask = 2147483647;
			files = (
				3EAF978B2061573100718A3C /* SecondViewController.swift in Sources */,
				3EAF97872061573100718A3C /* AppDelegate.swift in Sources */,
				3EAF97892061573100718A3C /* FirstViewController.swift in Sources */,
			);
			runOnlyForDeploymentPostprocessing = 0;
		};
		3EAF97952061573200718A3C /* Sources */ = {
			isa = PBXSourcesBuildPhase;
			buildActionMask = 2147483647;
			files = (
				3EAF979E2061573200718A3C /* appsolutionTests.swift in Sources */,
			);
			runOnlyForDeploymentPostprocessing = 0;
		};
		3EAF97A02061573200718A3C /* Sources */ = {
			isa = PBXSourcesBuildPhase;
			buildActionMask = 2147483647;
			files = (
				3EAF97A92061573200718A3C /* appsolutionUITests.swift in Sources */,
			);
			runOnlyForDeploymentPostprocessing = 0;
		};
/* End PBXSourcesBuildPhase section */

/* Begin PBXTargetDependency section */
		3EAF979B2061573200718A3C /* PBXTargetDependency */ = {
			isa = PBXTargetDependency;
			target = 3EAF97822061573100718A3C /* appsolution */;
			targetProxy = 3EAF979A2061573200718A3C /* PBXContainerItemProxy */;
		};
		3EAF97A62061573200718A3C /* PBXTargetDependency */ = {
			isa = PBXTargetDependency;
			target = 3EAF97822061573100718A3C /* appsolution */;
			targetProxy = 3EAF97A52061573200718A3C /* PBXContainerItemProxy */;
		};
/* End PBXTargetDependency section */

/* Begin PBXVariantGroup section */
		3EAF978C2061573100718A3C /* Main.storyboard */ = {
			isa = PBXVariantGroup;
			children = (
				3EAF978D2061573100718A3C /* Base */,
			);
			name = Main.storyboard;
			sourceTree = "<group>";
		};
		3EAF97912061573100718A3C /* LaunchScreen.storyboard */ = {
			isa = PBXVariantGroup;
			children = (
				3EAF97922061573100718A3C /* Base */,
			);
			name = LaunchScreen.storyboard;
			sourceTree = "<group>";
		};
/* End PBXVariantGroup section */

/* Begin XCBuildConfiguration section */
		3EAF97AB2061573200718A3C /* Debug */ = {
			isa = XCBuildConfiguration;
			buildSettings = {
				ALWAYS_SEARCH_USER_PATHS = NO;
				CLANG_ANALYZER_NONNULL = YES;
				CLANG_ANALYZER_NUMBER_OBJECT_CONVERSION = YES_AGGRESSIVE;
				CLANG_CXX_LANGUAGE_STANDARD = "gnu++14";
				CLANG_CXX_LIBRARY = "libc++";
				CLANG_ENABLE_MODULES = YES;
				CLANG_ENABLE_OBJC_ARC = YES;
				CLANG_WARN_BLOCK_CAPTURE_AUTORELEASING = YES;
				CLANG_WARN_BOOL_CONVERSION = YES;
				CLANG_WARN_COMMA = YES;
				CLANG_WARN_CONSTANT_CONVERSION = YES;
				CLANG_WARN_DIRECT_OBJC_ISA_USAGE = YES_ERROR;
				CLANG_WARN_DOCUMENTATION_COMMENTS = YES;
				CLANG_WARN_EMPTY_BODY = YES;
				CLANG_WARN_ENUM_CONVERSION = YES;
				CLANG_WARN_INFINITE_RECURSION = YES;
				CLANG_WARN_INT_CONVERSION = YES;
				CLANG_WARN_NON_LITERAL_NULL_CONVERSION = YES;
				CLANG_WARN_OBJC_LITERAL_CONVERSION = YES;
				CLANG_WARN_OBJC_ROOT_CLASS = YES_ERROR;
				CLANG_WARN_RANGE_LOOP_ANALYSIS = YES;
				CLANG_WARN_STRICT_PROTOTYPES = YES;
				CLANG_WARN_SUSPICIOUS_MOVE = YES;
				CLANG_WARN_UNGUARDED_AVAILABILITY = YES_AGGRESSIVE;
				CLANG_WARN_UNREACHABLE_CODE = YES;
				CLANG_WARN__DUPLICATE_METHOD_MATCH = YES;
				CODE_SIGN_IDENTITY = "iPhone Developer";
				COPY_PHASE_STRIP = NO;
				DEBUG_INFORMATION_FORMAT = dwarf;
				ENABLE_STRICT_OBJC_MSGSEND = YES;
				ENABLE_TESTABILITY = YES;
				GCC_C_LANGUAGE_STANDARD = gnu11;
				GCC_DYNAMIC_NO_PIC = NO;
				GCC_NO_COMMON_BLOCKS = YES;
				GCC_OPTIMIZATION_LEVEL = 0;
				GCC_PREPROCESSOR_DEFINITIONS = (
					"DEBUG=1",
					"$(inherited)",
				);
				GCC_WARN_64_TO_32_BIT_CONVERSION = YES;
				GCC_WARN_ABOUT_RETURN_TYPE = YES_ERROR;
				GCC_WARN_UNDECLARED_SELECTOR = YES;
				GCC_WARN_UNINITIALIZED_AUTOS = YES_AGGRESSIVE;
				GCC_WARN_UNUSED_FUNCTION = YES;
				GCC_WARN_UNUSED_VARIABLE = YES;
				IPHONEOS_DEPLOYMENT_TARGET = 11.2;
				MTL_ENABLE_DEBUG_INFO = YES;
				ONLY_ACTIVE_ARCH = YES;
				SDKROOT = iphoneos;
				SWIFT_ACTIVE_COMPILATION_CONDITIONS = DEBUG;
				SWIFT_OPTIMIZATION_LEVEL = "-Onone";
			};
			name = Debug;
		};
		3EAF97AC2061573200718A3C /* Release */ = {
			isa = XCBuildConfiguration;
			buildSettings = {
				ALWAYS_SEARCH_USER_PATHS = NO;
				CLANG_ANALYZER_NONNULL = YES;
				CLANG_ANALYZER_NUMBER_OBJECT_CONVERSION = YES_AGGRESSIVE;
				CLANG_CXX_LANGUAGE_STANDARD = "gnu++14";
				CLANG_CXX_LIBRARY = "libc++";
				CLANG_ENABLE_MODULES = YES;
				CLANG_ENABLE_OBJC_ARC = YES;
				CLANG_WARN_BLOCK_CAPTURE_AUTORELEASING = YES;
				CLANG_WARN_BOOL_CONVERSION = YES;
				CLANG_WARN_COMMA = YES;
				CLANG_WARN_CONSTANT_CONVERSION = YES;
				CLANG_WARN_DIRECT_OBJC_ISA_USAGE = YES_ERROR;
				CLANG_WARN_DOCUMENTATION_COMMENTS = YES;
				CLANG_WARN_EMPTY_BODY = YES;
				CLANG_WARN_ENUM_CONVERSION = YES;
				CLANG_WARN_INFINITE_RECURSION = YES;
				CLANG_WARN_INT_CONVERSION = YES;
				CLANG_WARN_NON_LITERAL_NULL_CONVERSION = YES;
				CLANG_WARN_OBJC_LITERAL_CONVERSION = YES;
				CLANG_WARN_OBJC_ROOT_CLASS = YES_ERROR;
				CLANG_WARN_RANGE_LOOP_ANALYSIS = YES;
				CLANG_WARN_STRICT_PROTOTYPES = YES;
				CLANG_WARN_SUSPICIOUS_MOVE = YES;
				CLANG_WARN_UNGUARDED_AVAILABILITY = YES_AGGRESSIVE;
				CLANG_WARN_UNREACHABLE_CODE = YES;
				CLANG_WARN__DUPLICATE_METHOD_MATCH = YES;
				CODE_SIGN_IDENTITY = "iPhone Developer";
				COPY_PHASE_STRIP = NO;
				DEBUG_INFORMATION_FORMAT = "dwarf-with-dsym";
				ENABLE_NS_ASSERTIONS = NO;
				ENABLE_STRICT_OBJC_MSGSEND = YES;
				GCC_C_LANGUAGE_STANDARD = gnu11;
				GCC_NO_COMMON_BLOCKS = YES;
				GCC_WARN_64_TO_32_BIT_CONVERSION = YES;
				GCC_WARN_ABOUT_RETURN_TYPE = YES_ERROR;
				GCC_WARN_UNDECLARED_SELECTOR = YES;
				GCC_WARN_UNINITIALIZED_AUTOS = YES_AGGRESSIVE;
				GCC_WARN_UNUSED_FUNCTION = YES;
				GCC_WARN_UNUSED_VARIABLE = YES;
				IPHONEOS_DEPLOYMENT_TARGET = 11.2;
				MTL_ENABLE_DEBUG_INFO = NO;
				SDKROOT = iphoneos;
				SWIFT_OPTIMIZATION_LEVEL = "-Owholemodule";
				VALIDATE_PRODUCT = YES;
			};
			name = Release;
		};
		3EAF97AE2061573200718A3C /* Debug */ = {
			isa = XCBuildConfiguration;
			buildSettings = {
				ASSETCATALOG_COMPILER_APPICON_NAME = AppIcon;
				CODE_SIGN_IDENTITY = "";
				CODE_SIGN_STYLE = Automatic;
				DEVELOPMENT_TEAM = JK57NCB2UU;
				INFOPLIST_FILE = appsolution/Info.plist;
				LD_RUNPATH_SEARCH_PATHS = "$(inherited) @executable_path/Frameworks";
				PRODUCT_BUNDLE_IDENTIFIER = com.appsolution.appsolution.appsolution;
				PRODUCT_NAME = "$(TARGET_NAME)";
				SWIFT_VERSION = 4.0;
				TARGETED_DEVICE_FAMILY = "1,2";
			};
			name = Debug;
		};
		3EAF97AF2061573200718A3C /* Release */ = {
			isa = XCBuildConfiguration;
			buildSettings = {
				ASSETCATALOG_COMPILER_APPICON_NAME = AppIcon;
				CODE_SIGN_IDENTITY = "";
				CODE_SIGN_STYLE = Automatic;
				DEVELOPMENT_TEAM = JK57NCB2UU;
				INFOPLIST_FILE = appsolution/Info.plist;
				LD_RUNPATH_SEARCH_PATHS = "$(inherited) @executable_path/Frameworks";
				PRODUCT_BUNDLE_IDENTIFIER = com.appsolution.appsolution.appsolution;
				PRODUCT_NAME = "$(TARGET_NAME)";
				SWIFT_VERSION = 4.0;
				TARGETED_DEVICE_FAMILY = "1,2";
			};
			name = Release;
		};
		3EAF97B12061573200718A3C /* Debug */ = {
			isa = XCBuildConfiguration;
			buildSettings = {
				ALWAYS_EMBED_SWIFT_STANDARD_LIBRARIES = YES;
				BUNDLE_LOADER = "$(TEST_HOST)";
				CODE_SIGN_STYLE = Automatic;
				DEVELOPMENT_TEAM = JK57NCB2UU;
				INFOPLIST_FILE = appsolutionTests/Info.plist;
				LD_RUNPATH_SEARCH_PATHS = "$(inherited) @executable_path/Frameworks @loader_path/Frameworks";
				PRODUCT_BUNDLE_IDENTIFIER = com.appsolution.appsolution.appsolutionTests;
				PRODUCT_NAME = "$(TARGET_NAME)";
				SWIFT_VERSION = 4.0;
				TARGETED_DEVICE_FAMILY = "1,2";
				TEST_HOST = "$(BUILT_PRODUCTS_DIR)/appsolution.app/appsolution";
			};
			name = Debug;
		};
		3EAF97B22061573200718A3C /* Release */ = {
			isa = XCBuildConfiguration;
			buildSettings = {
				ALWAYS_EMBED_SWIFT_STANDARD_LIBRARIES = YES;
				BUNDLE_LOADER = "$(TEST_HOST)";
				CODE_SIGN_STYLE = Automatic;
				DEVELOPMENT_TEAM = JK57NCB2UU;
				INFOPLIST_FILE = appsolutionTests/Info.plist;
				LD_RUNPATH_SEARCH_PATHS = "$(inherited) @executable_path/Frameworks @loader_path/Frameworks";
				PRODUCT_BUNDLE_IDENTIFIER = com.appsolution.appsolution.appsolutionTests;
				PRODUCT_NAME = "$(TARGET_NAME)";
				SWIFT_VERSION = 4.0;
				TARGETED_DEVICE_FAMILY = "1,2";
				TEST_HOST = "$(BUILT_PRODUCTS_DIR)/appsolution.app/appsolution";
			};
			name = Release;
		};
		3EAF97B42061573200718A3C /* Debug */ = {
			isa = XCBuildConfiguration;
			buildSettings = {
				ALWAYS_EMBED_SWIFT_STANDARD_LIBRARIES = YES;
				CODE_SIGN_STYLE = Automatic;
				DEVELOPMENT_TEAM = JK57NCB2UU;
				INFOPLIST_FILE = appsolutionUITests/Info.plist;
				LD_RUNPATH_SEARCH_PATHS = "$(inherited) @executable_path/Frameworks @loader_path/Frameworks";
				PRODUCT_BUNDLE_IDENTIFIER = com.appsolution.appsolution.appsolutionUITests;
				PRODUCT_NAME = "$(TARGET_NAME)";
				SWIFT_VERSION = 4.0;
				TARGETED_DEVICE_FAMILY = "1,2";
				TEST_TARGET_NAME = appsolution;
			};
			name = Debug;
		};
		3EAF97B52061573200718A3C /* Release */ = {
			isa = XCBuildConfiguration;
			buildSettings = {
				ALWAYS_EMBED_SWIFT_STANDARD_LIBRARIES = YES;
				CODE_SIGN_STYLE = Automatic;
				DEVELOPMENT_TEAM = JK57NCB2UU;
				INFOPLIST_FILE = appsolutionUITests/Info.plist;
				LD_RUNPATH_SEARCH_PATHS = "$(inherited) @executable_path/Frameworks @loader_path/Frameworks";
				PRODUCT_BUNDLE_IDENTIFIER = com.appsolution.appsolution.appsolutionUITests;
				PRODUCT_NAME = "$(TARGET_NAME)";
				SWIFT_VERSION = 4.0;
				TARGETED_DEVICE_FAMILY = "1,2";
				TEST_TARGET_NAME = appsolution;
			};
			name = Release;
		};
/* End XCBuildConfiguration section */

/* Begin XCConfigurationList section */
		3EAF977E2061573100718A3C /* Build configuration list for PBXProject "appsolution" */ = {
			isa = XCConfigurationList;
			buildConfigurations = (
				3EAF97AB2061573200718A3C /* Debug */,
				3EAF97AC2061573200718A3C /* Release */,
			);
			defaultConfigurationIsVisible = 0;
			defaultConfigurationName = Release;
		};
		3EAF97AD2061573200718A3C /* Build configuration list for PBXNativeTarget "appsolution" */ = {
			isa = XCConfigurationList;
			buildConfigurations = (
				3EAF97AE2061573200718A3C /* Debug */,
				3EAF97AF2061573200718A3C /* Release */,
			);
			defaultConfigurationIsVisible = 0;
			defaultConfigurationName = Release;
		};
		3EAF97B02061573200718A3C /* Build configuration list for PBXNativeTarget "appsolutionTests" */ = {
			isa = XCConfigurationList;
			buildConfigurations = (
				3EAF97B12061573200718A3C /* Debug */,
				3EAF97B22061573200718A3C /* Release */,
			);
			defaultConfigurationIsVisible = 0;
			defaultConfigurationName = Release;
		};
		3EAF97B32061573200718A3C /* Build configuration list for PBXNativeTarget "appsolutionUITests" */ = {
			isa = XCConfigurationList;
			buildConfigurations = (
				3EAF97B42061573200718A3C /* Debug */,
				3EAF97B52061573200718A3C /* Release */,
			);
			defaultConfigurationIsVisible = 0;
			defaultConfigurationName = Release;
		};
/* End XCConfigurationList section */
	};
	rootObject = 3EAF977B2061573100718A3C /* Project object */;
}
